
Microsoft Visual Studio Solution File, Format Version 12.00
# Visual Studio Version 16
VisualStudioVersion = 16.0.31702.278
MinimumVisualStudioVersion = 10.0.40219.1
Project("{FAE04EC0-301F-11D3-BF4B-00C04F79EFBC}") = "RSA_Sample", "RSA_Sample\RSA_Sample.csproj", "{431760DB-73DC-452C-8E27-FE71AE1E6AEB}"
EndProject
Global
	GlobalSection(SolutionConfigurationPlatforms) = preSolution
		Debug|Any CPU = Debug|Any CPU
		Release|Any CPU = Release|Any CPU
	EndGlobalSection
	GlobalSection(ProjectConfigurationPlatforms) = postSolution
		{431760DB-73DC-452C-8E27-FE71AE1E6AEB}.Debug|Any CPU.ActiveCfg = Debug|Any CPU
		{431760DB-73DC-452C-8E27-FE71AE1E6AEB}.Debug|Any CPU.Build.0 = Debug|Any CPU
		{431760DB-73DC-452C-8E27-FE71AE1E6AEB}.Release|Any CPU.ActiveCfg = Release|Any CPU
		{431760DB-73DC-452C-8E27-FE71AE1E6AEB}.Release|Any CPU.Build.0 = Release|Any CPU
	EndGlobalSection
	GlobalSection(SolutionProperties) = preSolution
		HideSolutionNode = FALSE
	EndGlobalSection
	GlobalSection(ExtensibilityGlobals) = postSolution
		SolutionGuid = {8BA39D12-6FA0-46DD-8CDE-20A848978365}
	EndGlobalSection
EndGlobal
